
Microsoft Visual Studio Solution File, Format Version 12.00
# Visual Studio Version 17
VisualStudioVersion = 17.11.35222.181
MinimumVisualStudioVersion = 10.0.40219.1
Project("{FAE04EC0-301F-11D3-BF4B-00C04F79EFBC}") = "LR6(4)", "LR6(4).csproj", "{9728B56D-25FF-4F60-88B2-E21EF098D999}"
EndProject
Global
	GlobalSection(SolutionConfigurationPlatforms) = preSolution
		Debug|Any CPU = Debug|Any CPU
		Release|Any CPU = Release|Any CPU
	EndGlobalSection
	GlobalSection(ProjectConfigurationPlatforms) = postSolution
		{9728B56D-25FF-4F60-88B2-E21EF098D999}.Debug|Any CPU.ActiveCfg = Debug|Any CPU
		{9728B56D-25FF-4F60-88B2-E21EF098D999}.Debug|Any CPU.Build.0 = Debug|Any CPU
		{9728B56D-25FF-4F60-88B2-E21EF098D999}.Release|Any CPU.ActiveCfg = Release|Any CPU
		{9728B56D-25FF-4F60-88B2-E21EF098D999}.Release|Any CPU.Build.0 = Release|Any CPU
	EndGlobalSection
	GlobalSection(SolutionProperties) = preSolution
		HideSolutionNode = FALSE
	EndGlobalSection
	GlobalSection(ExtensibilityGlobals) = postSolution
		SolutionGuid = {192F2A89-BCD0-4524-BBF5-4328DD0EF14B}
	EndGlobalSection
EndGlobal
